{
    "_readme": [
        "This file locks the dependencies of your project to a known state",
        "Read more about it at https://getcomposer.org/doc/01-basic-usage.md#composer-lock-the-lock-file",
        "This file is @generated automatically"
    ],
    "content-hash": "9847e14a82f1031c622b835f44932f5f",
    "packages": [
        {
            "name": "paragonie/random_compat",
            "version": "v2.0.4",
            "source": {
                "type": "git",
                "url": "https://github.com/paragonie/random_compat.git",
                "reference": "a9b97968bcde1c4de2a5ec6cbd06a0f6c919b46e"
            },
            "dist": {
                "type": "zip",
                "url": "https://packagist.phpcomposer.com/files/paragonie/random_compat/a9b97968bcde1c4de2a5ec6cbd06a0f6c919b46e.zip",
                "reference": "a9b97968bcde1c4de2a5ec6cbd06a0f6c919b46e",
                "shasum": ""
            },
            "require": {
                "php": ">=5.2.0"
            },
            "require-dev": {
                "phpunit/phpunit": "4.*|5.*"
            },
            "suggest": {
                "ext-libsodium": "Provides a modern crypto API that can be used to generate random bytes."
            },
            "type": "library",
            "autoload": {
                "files": [
                    "lib/random.php"
                ]
            },
            "notification-url": "https://packagist.org/downloads/",
            "license": [
                "MIT"
            ],
            "authors": [
                {
                    "name": "Paragon Initiative Enterprises",
                    "email": "security@paragonie.com",
                    "homepage": "https://paragonie.com"
                }
            ],
            "description": "PHP 5.x polyfill for random_bytes() and random_int() from PHP 7",
            "keywords": [
                "csprng",
                "pseudorandom",
                "random"
            ],
            "time": "2016-11-07T23:38:38+00:00"
        },
        {
            "name": "propel/propel",
            "version": "dev-master",
            "source": {
                "type": "git",
                "url": "https://github.com/propelorm/Propel2.git",
                "reference": "83a8bb97b0f255a042181ac4c454aa27adc68cf4"
            },
            "dist": {
                "type": "zip",
                "url": "https://packagist.phpcomposer.com/files/propelorm/Propel2/83a8bb97b0f255a042181ac4c454aa27adc68cf4.zip",
                "reference": "83a8bb97b0f255a042181ac4c454aa27adc68cf4",
                "shasum": ""
            },
            "require": {
                "php": ">=5.5",
                "psr/log": "~1.0",
                "symfony/config": "~2.3||~3.0",
                "symfony/console": "~2.3||~3.0",
                "symfony/filesystem": "~2.3||~3.0",
                "symfony/finder": "~2.3||~3.0",
                "symfony/validator": "~2.3||~3.0 <=3.2.1",
                "symfony/yaml": "~2.3||~3.0"
            },
            "require-dev": {
                "behat/behat": "~2.4",
                "monolog/monolog": "~1.3",
                "phpunit/phpunit": "~4.0||~5.0"
            },
            "suggest": {
                "monolog/monolog": "The recommended logging library to use with Propel."
            },
            "bin": [
                "bin/propel"
            ],
            "type": "library",
            "extra": {
                "branch-alias": {
                    "dev-master": "2.0-dev"
                }
            },
            "autoload": {
                "psr-0": {
                    "Propel": "src/"
                }
            },
            "notification-url": "https://packagist.org/downloads/",
            "license": [
                "MIT"
            ],
            "authors": [
                {
                    "name": "William Durand",
                    "email": "william.durand1@gmail.com"
                }
            ],
            "description": "Propel2 is an open-source Object-Relational Mapping (ORM) for PHP 5.5 and up.",
            "homepage": "http://www.propelorm.org/",
            "keywords": [
                "Active Record",
                "orm",
                "persistence"
            ],
            "time": "2017-02-06T13:10:31+00:00"
        },
        {
            "name": "psr/log",
            "version": "1.0.2",
            "source": {
                "type": "git",
                "url": "https://github.com/php-fig/log.git",
                "reference": "4ebe3a8bf773a19edfe0a84b6585ba3d401b724d"
            },
            "dist": {
                "type": "zip",
                "url": "https://packagist.phpcomposer.com/files/php-fig/log/4ebe3a8bf773a19edfe0a84b6585ba3d401b724d.zip",
                "reference": "4ebe3a8bf773a19edfe0a84b6585ba3d401b724d",
                "shasum": ""
            },
            "require": {
                "php": ">=5.3.0"
            },
            "type": "library",
            "extra": {
                "branch-alias": {
                    "dev-master": "1.0.x-dev"
                }
            },
            "autoload": {
                "psr-4": {
                    "Psr\\Log\\": "Psr/Log/"
                }
            },
            "notification-url": "https://packagist.org/downloads/",
            "license": [
                "MIT"
            ],
            "authors": [
                {
                    "name": "PHP-FIG",
                    "homepage": "http://www.php-fig.org/"
                }
            ],
            "description": "Common interface for logging libraries",
            "homepage": "https://github.com/php-fig/log",
            "keywords": [
                "log",
                "psr",
                "psr-3"
            ],
            "time": "2016-10-10T12:19:37+00:00"
        },
        {
            "name": "symfony/config",
            "version": "v3.2.3",
            "source": {
                "type": "git",
                "url": "https://github.com/symfony/config.git",
                "reference": "2ffa7b84d647b8be1788d46b44e438cb3d62056c"
            },
            "dist": {
                "type": "zip",
                "url": "https://packagist.phpcomposer.com/files/symfony/config/2ffa7b84d647b8be1788d46b44e438cb3d62056c.zip",
                "reference": "2ffa7b84d647b8be1788d46b44e438cb3d62056c",
                "shasum": ""
            },
            "require": {
                "php": ">=5.5.9",
                "symfony/filesystem": "~2.8|~3.0"
            },
            "require-dev": {
                "symfony/yaml": "~3.0"
            },
            "suggest": {
                "symfony/yaml": "To use the yaml reference dumper"
            },
            "type": "library",
            "extra": {
                "branch-alias": {
                    "dev-master": "3.2-dev"
                }
            },
            "autoload": {
                "psr-4": {
                    "Symfony\\Component\\Config\\": ""
                },
                "exclude-from-classmap": [
                    "/Tests/"
                ]
            },
            "notification-url": "https://packagist.org/downloads/",
            "license": [
                "MIT"
            ],
            "authors": [
                {
                    "name": "Fabien Potencier",
                    "email": "fabien@symfony.com"
                },
                {
                    "name": "Symfony Community",
                    "homepage": "https://symfony.com/contributors"
                }
            ],
            "description": "Symfony Config Component",
            "homepage": "https://symfony.com",
            "time": "2017-02-06T12:04:21+00:00"
        },
        {
            "name": "symfony/console",
            "version": "v3.2.3",
            "source": {
                "type": "git",
                "url": "https://github.com/symfony/console.git",
                "reference": "7a8405a9fc175f87fed8a3c40856b0d866d61936"
            },
            "dist": {
                "type": "zip",
                "url": "https://packagist.phpcomposer.com/files/symfony/console/7a8405a9fc175f87fed8a3c40856b0d866d61936.zip",
                "reference": "7a8405a9fc175f87fed8a3c40856b0d866d61936",
                "shasum": ""
            },
            "require": {
                "php": ">=5.5.9",
                "symfony/debug": "~2.8|~3.0",
                "symfony/polyfill-mbstring": "~1.0"
            },
            "require-dev": {
                "psr/log": "~1.0",
                "symfony/event-dispatcher": "~2.8|~3.0",
                "symfony/filesystem": "~2.8|~3.0",
                "symfony/process": "~2.8|~3.0"
            },
            "suggest": {
                "psr/log": "For using the console logger",
                "symfony/event-dispatcher": "",
                "symfony/filesystem": "",
                "symfony/process": ""
            },
            "type": "library",
            "extra": {
                "branch-alias": {
                    "dev-master": "3.2-dev"
                }
            },
            "autoload": {
                "psr-4": {
                    "Symfony\\Component\\Console\\": ""
                },
                "exclude-from-classmap": [
                    "/Tests/"
                ]
            },
            "notification-url": "https://packagist.org/downloads/",
            "license": [
                "MIT"
            ],
            "authors": [
                {
                    "name": "Fabien Potencier",
                    "email": "fabien@symfony.com"
                },
                {
                    "name": "Symfony Community",
                    "homepage": "https://symfony.com/contributors"
                }
            ],
            "description": "Symfony Console Component",
            "homepage": "https://symfony.com",
            "time": "2017-02-06T12:04:21+00:00"
        },
        {
            "name": "symfony/debug",
            "version": "v3.2.3",
            "source": {
                "type": "git",
                "url": "https://github.com/symfony/debug.git",
                "reference": "b4d9818f127c60ce21ed62c395da7df868dc8477"
            },
            "dist": {
                "type": "zip",
                "url": "https://packagist.phpcomposer.com/files/symfony/debug/b4d9818f127c60ce21ed62c395da7df868dc8477.zip",
                "reference": "b4d9818f127c60ce21ed62c395da7df868dc8477",
                "shasum": ""
            },
            "require": {
                "php": ">=5.5.9",
                "psr/log": "~1.0"
            },
            "conflict": {
                "symfony/http-kernel": ">=2.3,<2.3.24|~2.4.0|>=2.5,<2.5.9|>=2.6,<2.6.2"
            },
            "require-dev": {
                "symfony/class-loader": "~2.8|~3.0",
                "symfony/http-kernel": "~2.8|~3.0"
            },
            "type": "library",
            "extra": {
                "branch-alias": {
                    "dev-master": "3.2-dev"
                }
            },
            "autoload": {
                "psr-4": {
                    "Symfony\\Component\\Debug\\": ""
                },
                "exclude-from-classmap": [
                    "/Tests/"
                ]
            },
            "notification-url": "https://packagist.org/downloads/",
            "license": [
                "MIT"
            ],
            "authors": [
                {
                    "name": "Fabien Potencier",
                    "email": "fabien@symfony.com"
                },
                {
                    "name": "Symfony Community",
                    "homepage": "https://symfony.com/contributors"
                }
            ],
            "description": "Symfony Debug Component",
            "homepage": "https://symfony.com",
            "time": "2017-01-28T02:37:08+00:00"
        },
        {
            "name": "symfony/event-dispatcher",
            "version": "v3.2.4",
            "source": {
                "type": "git",
                "url": "https://github.com/symfony/event-dispatcher.git",
                "reference": "9137eb3a3328e413212826d63eeeb0217836e2b6"
            },
            "dist": {
                "type": "zip",
                "url": "https://packagist.phpcomposer.com/files/symfony/event-dispatcher/9137eb3a3328e413212826d63eeeb0217836e2b6.zip",
                "reference": "9137eb3a3328e413212826d63eeeb0217836e2b6",
                "shasum": ""
            },
            "require": {
                "php": ">=5.5.9"
            },
            "require-dev": {
                "psr/log": "~1.0",
                "symfony/config": "~2.8|~3.0",
                "symfony/dependency-injection": "~2.8|~3.0",
                "symfony/expression-language": "~2.8|~3.0",
                "symfony/stopwatch": "~2.8|~3.0"
            },
            "suggest": {
                "symfony/dependency-injection": "",
                "symfony/http-kernel": ""
            },
            "type": "library",
            "extra": {
                "branch-alias": {
                    "dev-master": "3.2-dev"
                }
            },
            "autoload": {
                "psr-4": {
                    "Symfony\\Component\\EventDispatcher\\": ""
                },
                "exclude-from-classmap": [
                    "/Tests/"
                ]
            },
            "notification-url": "https://packagist.org/downloads/",
            "license": [
                "MIT"
            ],
            "authors": [
                {
                    "name": "Fabien Potencier",
                    "email": "fabien@symfony.com"
                },
                {
                    "name": "Symfony Community",
                    "homepage": "https://symfony.com/contributors"
                }
            ],
            "description": "Symfony EventDispatcher Component",
            "homepage": "https://symfony.com",
            "time": "2017-01-02T20:32:22+00:00"
        },
        {
            "name": "symfony/filesystem",
            "version": "v3.2.3",
            "source": {
                "type": "git",
                "url": "https://github.com/symfony/filesystem.git",
                "reference": "a0c6ef2dc78d33b58d91d3a49f49797a184d06f4"
            },
            "dist": {
                "type": "zip",
                "url": "https://packagist.phpcomposer.com/files/symfony/filesystem/a0c6ef2dc78d33b58d91d3a49f49797a184d06f4.zip",
                "reference": "a0c6ef2dc78d33b58d91d3a49f49797a184d06f4",
                "shasum": ""
            },
            "require": {
                "php": ">=5.5.9"
            },
            "type": "library",
            "extra": {
                "branch-alias": {
                    "dev-master": "3.2-dev"
                }
            },
            "autoload": {
                "psr-4": {
                    "Symfony\\Component\\Filesystem\\": ""
                },
                "exclude-from-classmap": [
                    "/Tests/"
                ]
            },
            "notification-url": "https://packagist.org/downloads/",
            "license": [
                "MIT"
            ],
            "authors": [
                {
                    "name": "Fabien Potencier",
                    "email": "fabien@symfony.com"
                },
                {
                    "name": "Symfony Community",
                    "homepage": "https://symfony.com/contributors"
                }
            ],
            "description": "Symfony Filesystem Component",
            "homepage": "https://symfony.com",
            "time": "2017-01-08T20:47:33+00:00"
        },
        {
            "name": "symfony/finder",
            "version": "v3.2.3",
            "source": {
                "type": "git",
                "url": "https://github.com/symfony/finder.git",
                "reference": "8c71141cae8e2957946b403cc71a67213c0380d6"
            },
            "dist": {
                "type": "zip",
                "url": "https://packagist.phpcomposer.com/files/symfony/finder/8c71141cae8e2957946b403cc71a67213c0380d6.zip",
                "reference": "8c71141cae8e2957946b403cc71a67213c0380d6",
                "shasum": ""
            },
            "require": {
                "php": ">=5.5.9"
            },
            "type": "library",
            "extra": {
                "branch-alias": {
                    "dev-master": "3.2-dev"
                }
            },
            "autoload": {
                "psr-4": {
                    "Symfony\\Component\\Finder\\": ""
                },
                "exclude-from-classmap": [
                    "/Tests/"
                ]
            },
            "notification-url": "https://packagist.org/downloads/",
            "license": [
                "MIT"
            ],
            "authors": [
                {
                    "name": "Fabien Potencier",
                    "email": "fabien@symfony.com"
                },
                {
                    "name": "Symfony Community",
                    "homepage": "https://symfony.com/contributors"
                }
            ],
            "description": "Symfony Finder Component",
            "homepage": "https://symfony.com",
            "time": "2017-01-02T20:32:22+00:00"
        },
        {
            "name": "symfony/form",
            "version": "v3.2.4",
            "source": {
                "type": "git",
                "url": "https://github.com/symfony/form.git",
                "reference": "2ebefd087493f841c67006da8b866c242ce62258"
            },
            "dist": {
                "type": "zip",
                "url": "https://packagist.phpcomposer.com/files/symfony/form/2ebefd087493f841c67006da8b866c242ce62258.zip",
                "reference": "2ebefd087493f841c67006da8b866c242ce62258",
                "shasum": ""
            },
            "require": {
                "php": ">=5.5.9",
                "symfony/event-dispatcher": "~2.8|~3.0",
                "symfony/intl": "~2.8|~3.0",
                "symfony/options-resolver": "~2.8|~3.0",
                "symfony/polyfill-mbstring": "~1.0",
                "symfony/property-access": "~2.8|~3.0"
            },
            "conflict": {
                "symfony/doctrine-bridge": "<2.7",
                "symfony/framework-bundle": "<2.7",
                "symfony/twig-bridge": "<2.7"
            },
            "require-dev": {
                "doctrine/collections": "~1.0",
                "symfony/dependency-injection": "~2.8|~3.0",
                "symfony/http-foundation": "~2.8|~3.0",
                "symfony/http-kernel": "~2.8|~3.0",
                "symfony/security-csrf": "~2.8|~3.0",
                "symfony/translation": "~2.8|~3.0",
                "symfony/validator": "~2.8|~3.0",
                "symfony/var-dumper": "~3.2"
            },
            "suggest": {
                "symfony/framework-bundle": "For templating with PHP.",
                "symfony/security-csrf": "For protecting forms against CSRF attacks.",
                "symfony/twig-bridge": "For templating with Twig.",
                "symfony/validator": "For form validation."
            },
            "type": "library",
            "extra": {
                "branch-alias": {
                    "dev-master": "3.2-dev"
                }
            },
            "autoload": {
                "psr-4": {
                    "Symfony\\Component\\Form\\": ""
                },
                "exclude-from-classmap": [
                    "/Tests/"
                ]
            },
            "notification-url": "https://packagist.org/downloads/",
            "license": [
                "MIT"
            ],
            "authors": [
                {
                    "name": "Fabien Potencier",
                    "email": "fabien@symfony.com"
                },
                {
                    "name": "Symfony Community",
                    "homepage": "https://symfony.com/contributors"
                }
            ],
            "description": "Symfony Form Component",
            "homepage": "https://symfony.com",
            "time": "2017-02-06T12:27:26+00:00"
        },
        {
            "name": "symfony/http-foundation",
            "version": "v3.2.3",
            "source": {
                "type": "git",
                "url": "https://github.com/symfony/http-foundation.git",
                "reference": "e192b04de44aa1ed0e39d6793f7e06f5e0b672a0"
            },
            "dist": {
                "type": "zip",
                "url": "https://packagist.phpcomposer.com/files/symfony/http-foundation/e192b04de44aa1ed0e39d6793f7e06f5e0b672a0.zip",
                "reference": "e192b04de44aa1ed0e39d6793f7e06f5e0b672a0",
                "shasum": ""
            },
            "require": {
                "php": ">=5.5.9",
                "symfony/polyfill-mbstring": "~1.1"
            },
            "require-dev": {
                "symfony/expression-language": "~2.8|~3.0"
            },
            "type": "library",
            "extra": {
                "branch-alias": {
                    "dev-master": "3.2-dev"
                }
            },
            "autoload": {
                "psr-4": {
                    "Symfony\\Component\\HttpFoundation\\": ""
                },
                "exclude-from-classmap": [
                    "/Tests/"
                ]
            },
            "notification-url": "https://packagist.org/downloads/",
            "license": [
                "MIT"
            ],
            "authors": [
                {
                    "name": "Fabien Potencier",
                    "email": "fabien@symfony.com"
                },
                {
                    "name": "Symfony Community",
                    "homepage": "https://symfony.com/contributors"
                }
            ],
            "description": "Symfony HttpFoundation Component",
            "homepage": "https://symfony.com",
            "time": "2017-02-02T13:47:35+00:00"
        },
        {
            "name": "symfony/inflector",
            "version": "v3.2.4",
            "source": {
                "type": "git",
                "url": "https://github.com/symfony/inflector.git",
                "reference": "20a37c39c1f29badc188e4c50a061b79c8bf3ff6"
            },
            "dist": {
                "type": "zip",
                "url": "https://packagist.phpcomposer.com/files/symfony/inflector/20a37c39c1f29badc188e4c50a061b79c8bf3ff6.zip",
                "reference": "20a37c39c1f29badc188e4c50a061b79c8bf3ff6",
                "shasum": ""
            },
            "require": {
                "php": ">=5.5.9"
            },
            "type": "library",
            "extra": {
                "branch-alias": {
                    "dev-master": "3.2-dev"
                }
            },
            "autoload": {
                "psr-4": {
                    "Symfony\\Component\\Inflector\\": ""
                },
                "exclude-from-classmap": [
                    "/Tests/"
                ]
            },
            "notification-url": "https://packagist.org/downloads/",
            "license": [
                "MIT"
            ],
            "authors": [
                {
                    "name": "Bernhard Schussek",
                    "email": "bschussek@gmail.com"
                },
                {
                    "name": "Symfony Community",
                    "homepage": "https://symfony.com/contributors"
                }
            ],
            "description": "Symfony Inflector Component",
            "homepage": "https://symfony.com",
            "keywords": [
                "inflection",
                "pluralize",
                "singularize",
                "string",
                "symfony",
                "words"
            ],
            "time": "2017-01-02T20:32:22+00:00"
        },
        {
            "name": "symfony/intl",
            "version": "v3.2.4",
            "source": {
                "type": "git",
                "url": "https://github.com/symfony/intl.git",
                "reference": "601cdab0b1db7ee34f26582cdd5b8e5beba8d291"
            },
            "dist": {
                "type": "zip",
                "url": "https://packagist.phpcomposer.com/files/symfony/intl/601cdab0b1db7ee34f26582cdd5b8e5beba8d291.zip",
                "reference": "601cdab0b1db7ee34f26582cdd5b8e5beba8d291",
                "shasum": ""
            },
            "require": {
                "php": ">=5.5.9",
                "symfony/polyfill-intl-icu": "~1.0"
            },
            "require-dev": {
                "symfony/filesystem": "~2.8|~3.0"
            },
            "suggest": {
                "ext-intl": "to use the component with locales other than \"en\""
            },
            "type": "library",
            "extra": {
                "branch-alias": {
                    "dev-master": "3.2-dev"
                }
            },
            "autoload": {
                "psr-4": {
                    "Symfony\\Component\\Intl\\": ""
                },
                "classmap": [
                    "Resources/stubs"
                ],
                "exclude-from-classmap": [
                    "/Tests/"
                ]
            },
            "notification-url": "https://packagist.org/downloads/",
            "license": [
                "MIT"
            ],
            "authors": [
                {
                    "name": "Bernhard Schussek",
                    "email": "bschussek@gmail.com"
                },
                {
                    "name": "Eriksen Costa",
                    "email": "eriksen.costa@infranology.com.br"
                },
                {
                    "name": "Igor Wiedler",
                    "email": "igor@wiedler.ch"
                },
                {
                    "name": "Symfony Community",
                    "homepage": "https://symfony.com/contributors"
                }
            ],
            "description": "A PHP replacement layer for the C intl extension that includes additional data from the ICU library.",
            "homepage": "https://symfony.com",
            "keywords": [
                "i18n",
                "icu",
                "internationalization",
                "intl",
                "l10n",
                "localization"
            ],
            "time": "2017-01-28T02:37:08+00:00"
        },
        {
            "name": "symfony/options-resolver",
            "version": "v3.2.4",
            "source": {
                "type": "git",
                "url": "https://github.com/symfony/options-resolver.git",
                "reference": "855429e3e9014b9dafee2a667de304c3aaa86fe6"
            },
            "dist": {
                "type": "zip",
                "url": "https://packagist.phpcomposer.com/files/symfony/options-resolver/855429e3e9014b9dafee2a667de304c3aaa86fe6.zip",
                "reference": "855429e3e9014b9dafee2a667de304c3aaa86fe6",
                "shasum": ""
            },
            "require": {
                "php": ">=5.5.9"
            },
            "type": "library",
            "extra": {
                "branch-alias": {
                    "dev-master": "3.2-dev"
                }
            },
            "autoload": {
                "psr-4": {
                    "Symfony\\Component\\OptionsResolver\\": ""
                },
                "exclude-from-classmap": [
                    "/Tests/"
                ]
            },
            "notification-url": "https://packagist.org/downloads/",
            "license": [
                "MIT"
            ],
            "authors": [
                {
                    "name": "Fabien Potencier",
                    "email": "fabien@symfony.com"
                },
                {
                    "name": "Symfony Community",
                    "homepage": "https://symfony.com/contributors"
                }
            ],
            "description": "Symfony OptionsResolver Component",
            "homepage": "https://symfony.com",
            "keywords": [
                "config",
                "configuration",
                "options"
            ],
            "time": "2017-01-02T20:32:22+00:00"
        },
        {
            "name": "symfony/polyfill-intl-icu",
            "version": "v1.3.0",
            "source": {
                "type": "git",
                "url": "https://github.com/symfony/polyfill-intl-icu.git",
                "reference": "2d6e2b20d457603eefb6e614286c22efca30fdb4"
            },
            "dist": {
                "type": "zip",
                "url": "https://packagist.phpcomposer.com/files/symfony/polyfill-intl-icu/2d6e2b20d457603eefb6e614286c22efca30fdb4.zip",
                "reference": "2d6e2b20d457603eefb6e614286c22efca30fdb4",
                "shasum": ""
            },
            "require": {
                "php": ">=5.3.3",
                "symfony/intl": "~2.3|~3.0"
            },
            "suggest": {
                "ext-intl": "For best performance"
            },
            "type": "library",
            "extra": {
                "branch-alias": {
                    "dev-master": "1.3-dev"
                }
            },
            "autoload": {
                "files": [
                    "bootstrap.php"
                ]
            },
            "notification-url": "https://packagist.org/downloads/",
            "license": [
                "MIT"
            ],
            "authors": [
                {
                    "name": "Nicolas Grekas",
                    "email": "p@tchwork.com"
                },
                {
                    "name": "Symfony Community",
                    "homepage": "https://symfony.com/contributors"
                }
            ],
            "description": "Symfony polyfill for intl's ICU-related data and classes",
            "homepage": "https://symfony.com",
            "keywords": [
                "compatibility",
                "icu",
                "intl",
                "polyfill",
                "portable",
                "shim"
            ],
            "time": "2016-11-14T01:06:16+00:00"
        },
        {
            "name": "symfony/polyfill-mbstring",
            "version": "v1.3.0",
            "source": {
                "type": "git",
                "url": "https://github.com/symfony/polyfill-mbstring.git",
                "reference": "e79d363049d1c2128f133a2667e4f4190904f7f4"
            },
            "dist": {
                "type": "zip",
                "url": "https://packagist.phpcomposer.com/files/symfony/polyfill-mbstring/e79d363049d1c2128f133a2667e4f4190904f7f4.zip",
                "reference": "e79d363049d1c2128f133a2667e4f4190904f7f4",
                "shasum": ""
            },
            "require": {
                "php": ">=5.3.3"
            },
            "suggest": {
                "ext-mbstring": "For best performance"
            },
            "type": "library",
            "extra": {
                "branch-alias": {
                    "dev-master": "1.3-dev"
                }
            },
            "autoload": {
                "psr-4": {
                    "Symfony\\Polyfill\\Mbstring\\": ""
                },
                "files": [
                    "bootstrap.php"
                ]
            },
            "notification-url": "https://packagist.org/downloads/",
            "license": [
                "MIT"
            ],
            "authors": [
                {
                    "name": "Nicolas Grekas",
                    "email": "p@tchwork.com"
                },
                {
                    "name": "Symfony Community",
                    "homepage": "https://symfony.com/contributors"
                }
            ],
            "description": "Symfony polyfill for the Mbstring extension",
            "homepage": "https://symfony.com",
            "keywords": [
                "compatibility",
                "mbstring",
                "polyfill",
                "portable",
                "shim"
            ],
            "time": "2016-11-14T01:06:16+00:00"
        },
        {
            "name": "symfony/polyfill-php70",
            "version": "v1.3.0",
            "source": {
                "type": "git",
                "url": "https://github.com/symfony/polyfill-php70.git",
                "reference": "13ce343935f0f91ca89605a2f6ca6f5c2f3faac2"
            },
            "dist": {
                "type": "zip",
                "url": "https://packagist.phpcomposer.com/files/symfony/polyfill-php70/13ce343935f0f91ca89605a2f6ca6f5c2f3faac2.zip",
                "reference": "13ce343935f0f91ca89605a2f6ca6f5c2f3faac2",
                "shasum": ""
            },
            "require": {
                "paragonie/random_compat": "~1.0|~2.0",
                "php": ">=5.3.3"
            },
            "type": "library",
            "extra": {
                "branch-alias": {
                    "dev-master": "1.3-dev"
                }
            },
            "autoload": {
                "psr-4": {
                    "Symfony\\Polyfill\\Php70\\": ""
                },
                "files": [
                    "bootstrap.php"
                ],
                "classmap": [
                    "Resources/stubs"
                ]
            },
            "notification-url": "https://packagist.org/downloads/",
            "license": [
                "MIT"
            ],
            "authors": [
                {
                    "name": "Nicolas Grekas",
                    "email": "p@tchwork.com"
                },
                {
                    "name": "Symfony Community",
                    "homepage": "https://symfony.com/contributors"
                }
            ],
            "description": "Symfony polyfill backporting some PHP 7.0+ features to lower PHP versions",
            "homepage": "https://symfony.com",
            "keywords": [
                "compatibility",
                "polyfill",
                "portable",
                "shim"
            ],
            "time": "2016-11-14T01:06:16+00:00"
        },
        {
            "name": "symfony/property-access",
            "version": "v3.2.4",
            "source": {
                "type": "git",
                "url": "https://github.com/symfony/property-access.git",
                "reference": "dba6dcd9876bb1bba8fd38e23f311301e6ef385f"
            },
            "dist": {
                "type": "zip",
                "url": "https://packagist.phpcomposer.com/files/symfony/property-access/dba6dcd9876bb1bba8fd38e23f311301e6ef385f.zip",
                "reference": "dba6dcd9876bb1bba8fd38e23f311301e6ef385f",
                "shasum": ""
            },
            "require": {
                "php": ">=5.5.9",
                "symfony/inflector": "~3.1",
                "symfony/polyfill-php70": "~1.0"
            },
            "require-dev": {
                "symfony/cache": "~3.1"
            },
            "suggest": {
                "psr/cache-implementation": "To cache access methods."
            },
            "type": "library",
            "extra": {
                "branch-alias": {
                    "dev-master": "3.2-dev"
                }
            },
            "autoload": {
                "psr-4": {
                    "Symfony\\Component\\PropertyAccess\\": ""
                },
                "exclude-from-classmap": [
                    "/Tests/"
                ]
            },
            "notification-url": "https://packagist.org/downloads/",
            "license": [
                "MIT"
            ],
            "authors": [
                {
                    "name": "Fabien Potencier",
                    "email": "fabien@symfony.com"
                },
                {
                    "name": "Symfony Community",
                    "homepage": "https://symfony.com/contributors"
                }
            ],
            "description": "Symfony PropertyAccess Component",
            "homepage": "https://symfony.com",
            "keywords": [
                "access",
                "array",
                "extraction",
                "index",
                "injection",
                "object",
                "property",
                "property path",
                "reflection"
            ],
            "time": "2017-02-02T13:47:35+00:00"
        },
        {
            "name": "symfony/translation",
            "version": "v3.2.3",
            "source": {
                "type": "git",
                "url": "https://github.com/symfony/translation.git",
                "reference": "ca032cc56976d88b85e7386b17020bc6dc95dbc5"
            },
            "dist": {
                "type": "zip",
                "url": "https://packagist.phpcomposer.com/files/symfony/translation/ca032cc56976d88b85e7386b17020bc6dc95dbc5.zip",
                "reference": "ca032cc56976d88b85e7386b17020bc6dc95dbc5",
                "shasum": ""
            },
            "require": {
                "php": ">=5.5.9",
                "symfony/polyfill-mbstring": "~1.0"
            },
            "conflict": {
                "symfony/config": "<2.8"
            },
            "require-dev": {
                "psr/log": "~1.0",
                "symfony/config": "~2.8|~3.0",
                "symfony/intl": "~2.8|~3.0",
                "symfony/yaml": "~2.8|~3.0"
            },
            "suggest": {
                "psr/log": "To use logging capability in translator",
                "symfony/config": "",
                "symfony/yaml": ""
            },
            "type": "library",
            "extra": {
                "branch-alias": {
                    "dev-master": "3.2-dev"
                }
            },
            "autoload": {
                "psr-4": {
                    "Symfony\\Component\\Translation\\": ""
                },
                "exclude-from-classmap": [
                    "/Tests/"
                ]
            },
            "notification-url": "https://packagist.org/downloads/",
            "license": [
                "MIT"
            ],
            "authors": [
                {
                    "name": "Fabien Potencier",
                    "email": "fabien@symfony.com"
                },
                {
                    "name": "Symfony Community",
                    "homepage": "https://symfony.com/contributors"
                }
            ],
            "description": "Symfony Translation Component",
            "homepage": "https://symfony.com",
            "time": "2017-01-21T17:06:35+00:00"
        },
        {
            "name": "symfony/validator",
            "version": "v3.2.1",
            "source": {
                "type": "git",
                "url": "https://github.com/symfony/validator.git",
                "reference": "b13f838f9ca9cf6d0de54dfe72d5d359ca2f886f"
            },
            "dist": {
                "type": "zip",
                "url": "https://packagist.phpcomposer.com/files/symfony/validator/b13f838f9ca9cf6d0de54dfe72d5d359ca2f886f.zip",
                "reference": "b13f838f9ca9cf6d0de54dfe72d5d359ca2f886f",
                "shasum": ""
            },
            "require": {
                "php": ">=5.5.9",
                "symfony/polyfill-mbstring": "~1.0",
                "symfony/translation": "~2.8|~3.0"
            },
            "require-dev": {
                "doctrine/annotations": "~1.0",
                "doctrine/cache": "~1.0",
                "egulias/email-validator": "~1.2,>=1.2.8|~2.0",
                "symfony/cache": "~3.1",
                "symfony/config": "~2.8|~3.0",
                "symfony/expression-language": "~2.8|~3.0",
                "symfony/http-foundation": "~2.8|~3.0",
                "symfony/intl": "~2.8|~3.0",
                "symfony/yaml": "~2.8|~3.0"
            },
            "suggest": {
                "doctrine/annotations": "For using the annotation mapping. You will also need doctrine/cache.",
                "doctrine/cache": "For using the default cached annotation reader and metadata cache.",
                "egulias/email-validator": "Strict (RFC compliant) email validation",
                "psr/cache-implementation": "For using the metadata cache.",
                "symfony/config": "",
                "symfony/expression-language": "For using the Expression validator",
                "symfony/http-foundation": "",
                "symfony/intl": "",
                "symfony/property-access": "For using the Expression validator",
                "symfony/yaml": ""
            },
            "type": "library",
            "extra": {
                "branch-alias": {
                    "dev-master": "3.2-dev"
                }
            },
            "autoload": {
                "psr-4": {
                    "Symfony\\Component\\Validator\\": ""
                },
                "exclude-from-classmap": [
                    "/Tests/"
                ]
            },
            "notification-url": "https://packagist.org/downloads/",
            "license": [
                "MIT"
            ],
            "authors": [
                {
                    "name": "Fabien Potencier",
                    "email": "fabien@symfony.com"
                },
                {
                    "name": "Symfony Community",
                    "homepage": "https://symfony.com/contributors"
                }
            ],
            "description": "Symfony Validator Component",
            "homepage": "https://symfony.com",
            "time": "2016-12-08T16:02:17+00:00"
        },
        {
            "name": "symfony/yaml",
            "version": "v3.2.3",
            "source": {
                "type": "git",
                "url": "https://github.com/symfony/yaml.git",
                "reference": "e1718c6bf57e1efbb8793ada951584b2ab27775b"
            },
            "dist": {
                "type": "zip",
                "url": "https://packagist.phpcomposer.com/files/symfony/yaml/e1718c6bf57e1efbb8793ada951584b2ab27775b.zip",
                "reference": "e1718c6bf57e1efbb8793ada951584b2ab27775b",
                "shasum": ""
            },
            "require": {
                "php": ">=5.5.9"
            },
            "require-dev": {
                "symfony/console": "~2.8|~3.0"
            },
            "suggest": {
                "symfony/console": "For validating YAML files using the lint command"
            },
            "type": "library",
            "extra": {
                "branch-alias": {
                    "dev-master": "3.2-dev"
                }
            },
            "autoload": {
                "psr-4": {
                    "Symfony\\Component\\Yaml\\": ""
                },
                "exclude-from-classmap": [
                    "/Tests/"
                ]
            },
            "notification-url": "https://packagist.org/downloads/",
            "license": [
                "MIT"
            ],
            "authors": [
                {
                    "name": "Fabien Potencier",
                    "email": "fabien@symfony.com"
                },
                {
                    "name": "Symfony Community",
                    "homepage": "https://symfony.com/contributors"
                }
            ],
            "description": "Symfony Yaml Component",
            "homepage": "https://symfony.com",
            "time": "2017-01-21T17:06:35+00:00"
        },
        {
            "name": "twig/twig",
            "version": "v1.31.0",
            "source": {
                "type": "git",
                "url": "https://github.com/twigphp/Twig.git",
                "reference": "ddc9e3e20ee9c0b6908f401ac8353635b750eca7"
            },
            "dist": {
                "type": "zip",
                "url": "https://packagist.phpcomposer.com/files/twigphp/Twig/ddc9e3e20ee9c0b6908f401ac8353635b750eca7.zip",
                "reference": "ddc9e3e20ee9c0b6908f401ac8353635b750eca7",
                "shasum": ""
            },
            "require": {
                "php": ">=5.2.7"
            },
            "require-dev": {
                "symfony/debug": "~2.7",
                "symfony/phpunit-bridge": "~3.2"
            },
            "type": "library",
            "extra": {
                "branch-alias": {
                    "dev-master": "1.31-dev"
                }
            },
            "autoload": {
                "psr-0": {
                    "Twig_": "lib/"
                }
            },
            "notification-url": "https://packagist.org/downloads/",
            "license": [
                "BSD-3-Clause"
            ],
            "authors": [
                {
                    "name": "Fabien Potencier",
                    "email": "fabien@symfony.com",
                    "homepage": "http://fabien.potencier.org",
                    "role": "Lead Developer"
                },
                {
                    "name": "Armin Ronacher",
                    "email": "armin.ronacher@active-4.com",
                    "role": "Project Founder"
                },
                {
                    "name": "Twig Team",
                    "homepage": "http://twig.sensiolabs.org/contributors",
                    "role": "Contributors"
                }
            ],
            "description": "Twig, the flexible, fast, and secure template language for PHP",
            "homepage": "http://twig.sensiolabs.org",
            "keywords": [
                "templating"
            ],
            "time": "2017-01-11T19:36:15+00:00"
        }
    ],
    "packages-dev": [],
    "aliases": [],
    "minimum-stability": "stable",
    "stability-flags": {
        "propel/propel": 20
    },
    "prefer-stable": false,
    "prefer-lowest": false,
    "platform": [],
    "platform-dev": []
}
